# THIS IS AN AUTOGENERATED FILE. DO NOT EDIT THIS FILE DIRECTLY.
# yarn lockfile v1


"jquery@^3.5.1":
  "integrity" "sha512-XwIBPqcMn57FxfT+Go5pzySnm4KWkT1Tv7gjrpT1srtf8Weynl6R273VJ5GjkRb51IzMp5nbaPjJXMWeju2MKg=="
  "resolved" "https://registry.npmjs.org/jquery/-/jquery-3.5.1.tgz"
  "version" "3.5.1"
